schema: '2.0'
stages:
  data_ingestion:
    cmd: python src/carPricePrediction/pipeline/stage_01_data_ingestion.py
    deps:
    - path: config/config.yaml
      hash: md5
      md5: 8359b6a93f0d0daaa2d06b6a7d58728b
      size: 1083
    - path: src/carPricePrediction/pipeline/stage_01_data_ingestion.py
      hash: md5
      md5: 810f4172703730ad969a4e4ffd3d9a90
      size: 953
    outs:
    - path: artifacts/data/raw
      hash: md5
      md5: 157ae5a8628ecf7c57add4323b2e435d.dir
      size: 2201879
      nfiles: 1
  data_cleaning:
    cmd: python src/carPricePrediction/pipeline/stage_02_data_cleaning.py
    deps:
    - path: artifacts/data/raw
      hash: md5
      md5: 157ae5a8628ecf7c57add4323b2e435d.dir
      size: 2201879
      nfiles: 1
    - path: config/config.yaml
      hash: md5
      md5: 8359b6a93f0d0daaa2d06b6a7d58728b
      size: 1083
    - path: src/carPricePrediction/pipeline/stage_02_data_cleaning.py
      hash: md5
      md5: 30142eccf436f07157ca25702fe109f2
      size: 936
    outs:
    - path: artifacts/data/interim
      hash: md5
      md5: a5de37dd1ff59c4549779761cbb4ef7f.dir
      size: 1448363
      nfiles: 1
  data_transfomration:
    cmd: python src/carPricePrediction/pipeline/stage_03_data_transformation.py
    deps:
    - path: artifacts/data/interim
      hash: md5
      md5: a5de37dd1ff59c4549779761cbb4ef7f.dir
      size: 1448363
      nfiles: 1
    - path: config/config.yaml
      hash: md5
      md5: 8359b6a93f0d0daaa2d06b6a7d58728b
      size: 1083
    - path: src/carPricePrediction/pipeline/stage_03_data_transformation.py
      hash: md5
      md5: 7ae7a70a57fa16bbcd9d48f0696e0fe0
      size: 1018
    outs:
    - path: artifacts/data/processed
      hash: md5
      md5: 321b5b18f5dacb0444e6b43c04ca610a.dir
      size: 4867517
      nfiles: 3
    - path: artifacts/encoders
      hash: md5
      md5: 8f27be33c37813f2bedadf77d996ea67.dir
      size: 4410
      nfiles: 1
    - path: artifacts/tensors_dim
      hash: md5
      md5: 98e4bf52c7433d1a271ba51f2ac15a17.dir
      size: 81
      nfiles: 2
  model_trainer:
    cmd: python src/carPricePrediction/pipeline/stage_04_model_trainer.py
    deps:
    - path: artifacts/data/processed
      hash: md5
      md5: 321b5b18f5dacb0444e6b43c04ca610a.dir
      size: 4867517
      nfiles: 3
    - path: artifacts/encoders
      hash: md5
      md5: 8f27be33c37813f2bedadf77d996ea67.dir
      size: 4410
      nfiles: 1
    - path: artifacts/tensors_dim
      hash: md5
      md5: 98e4bf52c7433d1a271ba51f2ac15a17.dir
      size: 81
      nfiles: 2
    - path: config/config.yaml
      hash: md5
      md5: 8359b6a93f0d0daaa2d06b6a7d58728b
      size: 1083
    - path: params.yaml
      hash: md5
      md5: 11079a721dad6d7928207bb81f9c00c9
      size: 150
    - path: src/carPricePrediction/pipeline/stage_04_model_trainer.py
      hash: md5
      md5: 51a5de8047bdacecfe801ac3717ae603
      size: 931
    outs:
    - path: artifacts/model
      hash: md5
      md5: 294f29eb316b288c33c3634fb8a27261.dir
      size: 263224
      nfiles: 3
  model_evaluation:
    cmd: python src/carPricePrediction/pipeline/stage_05_model_evaluation.py
    deps:
    - path: artifacts/data/processed/test.pth
      hash: md5
      md5: 652248be835f4d8133acf0601fb097e0
      size: 1614079
    - path: artifacts/model/model.pth
      hash: md5
      md5: e5f1a18e942bb9bd758538cc5c3018ed
      size: 92851
    - path: config/config.yaml
      hash: md5
      md5: 8359b6a93f0d0daaa2d06b6a7d58728b
      size: 1083
    - path: params.yaml
      hash: md5
      md5: 11079a721dad6d7928207bb81f9c00c9
      size: 150
    - path: src/carPricePrediction/pipeline/stage_05_model_evaluation.py
      hash: md5
      md5: abffee550b05ae260730ee15f2de7ef5
      size: 979
    outs:
    - path: artifacts/model_evaluation/score.txt
      hash: md5
      md5: 904bfdc327b9763c18ca24ef0570b2b9
      size: 27
